// !$*UTF8*$!
{
	archiveVersion = 1;
	classes = {
	};
	objectVersion = 46;
	objects = {

/* Begin PBXBuildFile section */
		3A7E0FBF1CDF355A00E4AE99 /* AppDelegate.swift in Sources */ = {isa = PBXBuildFile; fileRef = 3A7E0FBE1CDF355A00E4AE99 /* AppDelegate.swift */; };
		3A7E0FC11CDF355A00E4AE99 /* MasterViewController.swift in Sources */ = {isa = PBXBuildFile; fileRef = 3A7E0FC01CDF355A00E4AE99 /* MasterViewController.swift */; };
		3A7E0FC31CDF355A00E4AE99 /* DetailViewController.swift in Sources */ = {isa = PBXBuildFile; fileRef = 3A7E0FC21CDF355A00E4AE99 /* DetailViewController.swift */; };
		3A7E0FC61CDF355A00E4AE99 /* Main.storyboard in Resources */ = {isa = PBXBuildFile; fileRef = 3A7E0FC41CDF355A00E4AE99 /* Main.storyboard */; };
		3A7E0FC81CDF355A00E4AE99 /* Assets.xcassets in Resources */ = {isa = PBXBuildFile; fileRef = 3A7E0FC71CDF355A00E4AE99 /* Assets.xcassets */; };
		3A7E0FCB1CDF355A00E4AE99 /* LaunchScreen.storyboard in Resources */ = {isa = PBXBuildFile; fileRef = 3A7E0FC91CDF355A00E4AE99 /* LaunchScreen.storyboard */; };
		3A7E0FD61CDF355A00E4AE99 /* SkipYourSupperTests.swift in Sources */ = {isa = PBXBuildFile; fileRef = 3A7E0FD51CDF355A00E4AE99 /* SkipYourSupperTests.swift */; };
		3A7E0FE11CDF355A00E4AE99 /* SkipYourSupperUITests.swift in Sources */ = {isa = PBXBuildFile; fileRef = 3A7E0FE01CDF355A00E4AE99 /* SkipYourSupperUITests.swift */; };
		3A7E0FF41CDF3CF300E4AE99 /* Realm.framework in Frameworks */ = {isa = PBXBuildFile; fileRef = 3A7E0FF31CDF3CF300E4AE99 /* Realm.framework */; };
		3A7E0FF51CDF3CF300E4AE99 /* Realm.framework in Embed Frameworks */ = {isa = PBXBuildFile; fileRef = 3A7E0FF31CDF3CF300E4AE99 /* Realm.framework */; settings = {ATTRIBUTES = (CodeSignOnCopy, RemoveHeadersOnCopy, ); }; };
		3A7E0FF81CDF3CFA00E4AE99 /* RealmSwift.framework in Frameworks */ = {isa = PBXBuildFile; fileRef = 3A7E0FF71CDF3CFA00E4AE99 /* RealmSwift.framework */; };
		3A7E0FF91CDF3CFA00E4AE99 /* RealmSwift.framework in Embed Frameworks */ = {isa = PBXBuildFile; fileRef = 3A7E0FF71CDF3CFA00E4AE99 /* RealmSwift.framework */; settings = {ATTRIBUTES = (CodeSignOnCopy, RemoveHeadersOnCopy, ); }; };
		3A7E0FFC1CDF406600E4AE99 /* Data.swift in Sources */ = {isa = PBXBuildFile; fileRef = 3A7E0FFB1CDF406600E4AE99 /* Data.swift */; };
/* End PBXBuildFile section */

/* Begin PBXContainerItemProxy section */
		3A7E0FD21CDF355A00E4AE99 /* PBXContainerItemProxy */ = {
			isa = PBXContainerItemProxy;
			containerPortal = 3A7E0FB31CDF355A00E4AE99 /* Project object */;
			proxyType = 1;
			remoteGlobalIDString = 3A7E0FBA1CDF355A00E4AE99;
			remoteInfo = SkipYourSupper;
		};
		3A7E0FDD1CDF355A00E4AE99 /* PBXContainerItemProxy */ = {
			isa = PBXContainerItemProxy;
			containerPortal = 3A7E0FB31CDF355A00E4AE99 /* Project object */;
			proxyType = 1;
			remoteGlobalIDString = 3A7E0FBA1CDF355A00E4AE99;
			remoteInfo = SkipYourSupper;
		};
/* End PBXContainerItemProxy section */

/* Begin PBXCopyFilesBuildPhase section */
		3A7E0FF61CDF3CF300E4AE99 /* Embed Frameworks */ = {
			isa = PBXCopyFilesBuildPhase;
			buildActionMask = 2147483647;
			dstPath = "";
			dstSubfolderSpec = 10;
			files = (
				3A7E0FF91CDF3CFA00E4AE99 /* RealmSwift.framework in Embed Frameworks */,
				3A7E0FF51CDF3CF300E4AE99 /* Realm.framework in Embed Frameworks */,
			);
			name = "Embed Frameworks";
			runOnlyForDeploymentPostprocessing = 0;
		};
/* End PBXCopyFilesBuildPhase section */

/* Begin PBXFileReference section */
		3A7E0FBB1CDF355A00E4AE99 /* SkipYourSupper.app */ = {isa = PBXFileReference; explicitFileType = wrapper.application; includeInIndex = 0; path = SkipYourSupper.app; sourceTree = BUILT_PRODUCTS_DIR; };
		3A7E0FBE1CDF355A00E4AE99 /* AppDelegate.swift */ = {isa = PBXFileReference; lastKnownFileType = sourcecode.swift; path = AppDelegate.swift; sourceTree = "<group>"; };
		3A7E0FC01CDF355A00E4AE99 /* MasterViewController.swift */ = {isa = PBXFileReference; lastKnownFileType = sourcecode.swift; path = MasterViewController.swift; sourceTree = "<group>"; };
		3A7E0FC21CDF355A00E4AE99 /* DetailViewController.swift */ = {isa = PBXFileReference; lastKnownFileType = sourcecode.swift; path = DetailViewController.swift; sourceTree = "<group>"; };
		3A7E0FC51CDF355A00E4AE99 /* Base */ = {isa = PBXFileReference; lastKnownFileType = file.storyboard; name = Base; path = Base.lproj/Main.storyboard; sourceTree = "<group>"; };
		3A7E0FC71CDF355A00E4AE99 /* Assets.xcassets */ = {isa = PBXFileReference; lastKnownFileType = folder.assetcatalog; path = Assets.xcassets; sourceTree = "<group>"; };
		3A7E0FCA1CDF355A00E4AE99 /* Base */ = {isa = PBXFileReference; lastKnownFileType = file.storyboard; name = Base; path = Base.lproj/LaunchScreen.storyboard; sourceTree = "<group>"; };
		3A7E0FCC1CDF355A00E4AE99 /* Info.plist */ = {isa = PBXFileReference; lastKnownFileType = text.plist.xml; path = Info.plist; sourceTree = "<group>"; };
		3A7E0FD11CDF355A00E4AE99 /* SkipYourSupperTests.xctest */ = {isa = PBXFileReference; explicitFileType = wrapper.cfbundle; includeInIndex = 0; path = SkipYourSupperTests.xctest; sourceTree = BUILT_PRODUCTS_DIR; };
		3A7E0FD51CDF355A00E4AE99 /* SkipYourSupperTests.swift */ = {isa = PBXFileReference; lastKnownFileType = sourcecode.swift; path = SkipYourSupperTests.swift; sourceTree = "<group>"; };
		3A7E0FD71CDF355A00E4AE99 /* Info.plist */ = {isa = PBXFileReference; lastKnownFileType = text.plist.xml; path = Info.plist; sourceTree = "<group>"; };
		3A7E0FDC1CDF355A00E4AE99 /* SkipYourSupperUITests.xctest */ = {isa = PBXFileReference; explicitFileType = wrapper.cfbundle; includeInIndex = 0; path = SkipYourSupperUITests.xctest; sourceTree = BUILT_PRODUCTS_DIR; };
		3A7E0FE01CDF355A00E4AE99 /* SkipYourSupperUITests.swift */ = {isa = PBXFileReference; lastKnownFileType = sourcecode.swift; path = SkipYourSupperUITests.swift; sourceTree = "<group>"; };
		3A7E0FE21CDF355A00E4AE99 /* Info.plist */ = {isa = PBXFileReference; lastKnownFileType = text.plist.xml; path = Info.plist; sourceTree = "<group>"; };
		3A7E0FF31CDF3CF300E4AE99 /* Realm.framework */ = {isa = PBXFileReference; lastKnownFileType = wrapper.framework; path = Realm.framework; sourceTree = "<group>"; };
		3A7E0FF71CDF3CFA00E4AE99 /* RealmSwift.framework */ = {isa = PBXFileReference; lastKnownFileType = wrapper.framework; path = RealmSwift.framework; sourceTree = "<group>"; };
		3A7E0FFB1CDF406600E4AE99 /* Data.swift */ = {isa = PBXFileReference; fileEncoding = 4; lastKnownFileType = sourcecode.swift; path = Data.swift; sourceTree = "<group>"; };
/* End PBXFileReference section */

/* Begin PBXFrameworksBuildPhase section */
		3A7E0FB81CDF355A00E4AE99 /* Frameworks */ = {
			isa = PBXFrameworksBuildPhase;
			buildActionMask = 2147483647;
			files = (
				3A7E0FF81CDF3CFA00E4AE99 /* RealmSwift.framework in Frameworks */,
				3A7E0FF41CDF3CF300E4AE99 /* Realm.framework in Frameworks */,
			);
			runOnlyForDeploymentPostprocessing = 0;
		};
		3A7E0FCE1CDF355A00E4AE99 /* Frameworks */ = {
			isa = PBXFrameworksBuildPhase;
			buildActionMask = 2147483647;
			files = (
			);
			runOnlyForDeploymentPostprocessing = 0;
		};
		3A7E0FD91CDF355A00E4AE99 /* Frameworks */ = {
			isa = PBXFrameworksBuildPhase;
			buildActionMask = 2147483647;
			files = (
			);
			runOnlyForDeploymentPostprocessing = 0;
		};
/* End PBXFrameworksBuildPhase section */

/* Begin PBXGroup section */
		3A7E0FB21CDF355A00E4AE99 = {
			isa = PBXGroup;
			children = (
				3A7E0FF71CDF3CFA00E4AE99 /* RealmSwift.framework */,
				3A7E0FF31CDF3CF300E4AE99 /* Realm.framework */,
				3A7E0FBD1CDF355A00E4AE99 /* SkipYourSupper */,
				3A7E0FD41CDF355A00E4AE99 /* SkipYourSupperTests */,
				3A7E0FDF1CDF355A00E4AE99 /* SkipYourSupperUITests */,
				3A7E0FBC1CDF355A00E4AE99 /* Products */,
			);
			sourceTree = "<group>";
		};
		3A7E0FBC1CDF355A00E4AE99 /* Products */ = {
			isa = PBXGroup;
			children = (
				3A7E0FBB1CDF355A00E4AE99 /* SkipYourSupper.app */,
				3A7E0FD11CDF355A00E4AE99 /* SkipYourSupperTests.xctest */,
				3A7E0FDC1CDF355A00E4AE99 /* SkipYourSupperUITests.xctest */,
			);
			name = Products;
			sourceTree = "<group>";
		};
		3A7E0FBD1CDF355A00E4AE99 /* SkipYourSupper */ = {
			isa = PBXGroup;
			children = (
				3A7E0FBE1CDF355A00E4AE99 /* AppDelegate.swift */,
				3A7E0FC01CDF355A00E4AE99 /* MasterViewController.swift */,
				3A7E0FC21CDF355A00E4AE99 /* DetailViewController.swift */,
				3A7E0FFB1CDF406600E4AE99 /* Data.swift */,
				3A7E0FC41CDF355A00E4AE99 /* Main.storyboard */,
				3A7E0FC71CDF355A00E4AE99 /* Assets.xcassets */,
				3A7E0FC91CDF355A00E4AE99 /* LaunchScreen.storyboard */,
				3A7E0FCC1CDF355A00E4AE99 /* Info.plist */,
			);
			path = SkipYourSupper;
			sourceTree = "<group>";
		};
		3A7E0FD41CDF355A00E4AE99 /* SkipYourSupperTests */ = {
			isa = PBXGroup;
			children = (
				3A7E0FD51CDF355A00E4AE99 /* SkipYourSupperTests.swift */,
				3A7E0FD71CDF355A00E4AE99 /* Info.plist */,
			);
			path = SkipYourSupperTests;
			sourceTree = "<group>";
		};
		3A7E0FDF1CDF355A00E4AE99 /* SkipYourSupperUITests */ = {
			isa = PBXGroup;
			children = (
				3A7E0FE01CDF355A00E4AE99 /* SkipYourSupperUITests.swift */,
				3A7E0FE21CDF355A00E4AE99 /* Info.plist */,
			);
			path = SkipYourSupperUITests;
			sourceTree = "<group>";
		};
/* End PBXGroup section */

/* Begin PBXNativeTarget section */
		3A7E0FBA1CDF355A00E4AE99 /* SkipYourSupper */ = {
			isa = PBXNativeTarget;
			buildConfigurationList = 3A7E0FE51CDF355A00E4AE99 /* Build configuration list for PBXNativeTarget "SkipYourSupper" */;
			buildPhases = (
				3A7E0FB71CDF355A00E4AE99 /* Sources */,
				3A7E0FB81CDF355A00E4AE99 /* Frameworks */,
				3A7E0FB91CDF355A00E4AE99 /* Resources */,
				3A7E0FF61CDF3CF300E4AE99 /* Embed Frameworks */,
				3A7E0FFA1CDF402100E4AE99 /* ShellScript */,
			);
			buildRules = (
			);
			dependencies = (
			);
			name = SkipYourSupper;
			productName = SkipYourSupper;
			productReference = 3A7E0FBB1CDF355A00E4AE99 /* SkipYourSupper.app */;
			productType = "com.apple.product-type.application";
		};
		3A7E0FD01CDF355A00E4AE99 /* SkipYourSupperTests */ = {
			isa = PBXNativeTarget;
			buildConfigurationList = 3A7E0FE81CDF355A00E4AE99 /* Build configuration list for PBXNativeTarget "SkipYourSupperTests" */;
			buildPhases = (
				3A7E0FCD1CDF355A00E4AE99 /* Sources */,
				3A7E0FCE1CDF355A00E4AE99 /* Frameworks */,
				3A7E0FCF1CDF355A00E4AE99 /* Resources */,
			);
			buildRules = (
			);
			dependencies = (
				3A7E0FD31CDF355A00E4AE99 /* PBXTargetDependency */,
			);
			name = SkipYourSupperTests;
			productName = SkipYourSupperTests;
			productReference = 3A7E0FD11CDF355A00E4AE99 /* SkipYourSupperTests.xctest */;
			productType = "com.apple.product-type.bundle.unit-test";
		};
		3A7E0FDB1CDF355A00E4AE99 /* SkipYourSupperUITests */ = {
			isa = PBXNativeTarget;
			buildConfigurationList = 3A7E0FEB1CDF355A00E4AE99 /* Build configuration list for PBXNativeTarget "SkipYourSupperUITests" */;
			buildPhases = (
				3A7E0FD81CDF355A00E4AE99 /* Sources */,
				3A7E0FD91CDF355A00E4AE99 /* Frameworks */,
				3A7E0FDA1CDF355A00E4AE99 /* Resources */,
			);
			buildRules = (
			);
			dependencies = (
				3A7E0FDE1CDF355A00E4AE99 /* PBXTargetDependency */,
			);
			name = SkipYourSupperUITests;
			productName = SkipYourSupperUITests;
			productReference = 3A7E0FDC1CDF355A00E4AE99 /* SkipYourSupperUITests.xctest */;
			productType = "com.apple.product-type.bundle.ui-testing";
		};
/* End PBXNativeTarget section */

/* Begin PBXProject section */
		3A7E0FB31CDF355A00E4AE99 /* Project object */ = {
			isa = PBXProject;
			attributes = {
				LastSwiftUpdateCheck = 0730;
				LastUpgradeCheck = 0730;
				ORGANIZATIONNAME = RENHAO;
				TargetAttributes = {
					3A7E0FBA1CDF355A00E4AE99 = {
						CreatedOnToolsVersion = 7.3.1;
						DevelopmentTeam = K4F5ZT37W4;
					};
					3A7E0FD01CDF355A00E4AE99 = {
						CreatedOnToolsVersion = 7.3.1;
						DevelopmentTeam = K4F5ZT37W4;
						TestTargetID = 3A7E0FBA1CDF355A00E4AE99;
					};
					3A7E0FDB1CDF355A00E4AE99 = {
						CreatedOnToolsVersion = 7.3.1;
						DevelopmentTeam = K4F5ZT37W4;
						TestTargetID = 3A7E0FBA1CDF355A00E4AE99;
					};
				};
			};
			buildConfigurationList = 3A7E0FB61CDF355A00E4AE99 /* Build configuration list for PBXProject "SkipYourSupper" */;
			compatibilityVersion = "Xcode 3.2";
			developmentRegion = English;
			hasScannedForEncodings = 0;
			knownRegions = (
				en,
				Base,
			);
			mainGroup = 3A7E0FB21CDF355A00E4AE99;
			productRefGroup = 3A7E0FBC1CDF355A00E4AE99 /* Products */;
			projectDirPath = "";
			projectRoot = "";
			targets = (
				3A7E0FBA1CDF355A00E4AE99 /* SkipYourSupper */,
				3A7E0FD01CDF355A00E4AE99 /* SkipYourSupperTests */,
				3A7E0FDB1CDF355A00E4AE99 /* SkipYourSupperUITests */,
			);
		};
/* End PBXProject section */

/* Begin PBXResourcesBuildPhase section */
		3A7E0FB91CDF355A00E4AE99 /* Resources */ = {
			isa = PBXResourcesBuildPhase;
			buildActionMask = 2147483647;
			files = (
				3A7E0FCB1CDF355A00E4AE99 /* LaunchScreen.storyboard in Resources */,
				3A7E0FC81CDF355A00E4AE99 /* Assets.xcassets in Resources */,
				3A7E0FC61CDF355A00E4AE99 /* Main.storyboard in Resources */,
			);
			runOnlyForDeploymentPostprocessing = 0;
		};
		3A7E0FCF1CDF355A00E4AE99 /* Resources */ = {
			isa = PBXResourcesBuildPhase;
			buildActionMask = 2147483647;
			files = (
			);
			runOnlyForDeploymentPostprocessing = 0;
		};
		3A7E0FDA1CDF355A00E4AE99 /* Resources */ = {
			isa = PBXResourcesBuildPhase;
			buildActionMask = 2147483647;
			files = (
			);
			runOnlyForDeploymentPostprocessing = 0;
		};
/* End PBXResourcesBuildPhase section */

/* Begin PBXShellScriptBuildPhase section */
		3A7E0FFA1CDF402100E4AE99 /* ShellScript */ = {
			isa = PBXShellScriptBuildPhase;
			buildActionMask = 2147483647;
			files = (
			);
			inputPaths = (
			);
			outputPaths = (
			);
			runOnlyForDeploymentPostprocessing = 0;
			shellPath = /bin/sh;
			shellScript = "bash \"${BUILT_PRODUCTS_DIR}/${FRAMEWORKS_FOLDER_PATH}/Realm.framework/strip-frameworks.sh\"";
		};
/* End PBXShellScriptBuildPhase section */

/* Begin PBXSourcesBuildPhase section */
		3A7E0FB71CDF355A00E4AE99 /* Sources */ = {
			isa = PBXSourcesBuildPhase;
			buildActionMask = 2147483647;
			files = (
				3A7E0FC31CDF355A00E4AE99 /* DetailViewController.swift in Sources */,
				3A7E0FC11CDF355A00E4AE99 /* MasterViewController.swift in Sources */,
				3A7E0FBF1CDF355A00E4AE99 /* AppDelegate.swift in Sources */,
				3A7E0FFC1CDF406600E4AE99 /* Data.swift in Sources */,
			);
			runOnlyForDeploymentPostprocessing = 0;
		};
		3A7E0FCD1CDF355A00E4AE99 /* Sources */ = {
			isa = PBXSourcesBuildPhase;
			buildActionMask = 2147483647;
			files = (
				3A7E0FD61CDF355A00E4AE99 /* SkipYourSupperTests.swift in Sources */,
			);
			runOnlyForDeploymentPostprocessing = 0;
		};
		3A7E0FD81CDF355A00E4AE99 /* Sources */ = {
			isa = PBXSourcesBuildPhase;
			buildActionMask = 2147483647;
			files = (
				3A7E0FE11CDF355A00E4AE99 /* SkipYourSupperUITests.swift in Sources */,
			);
			runOnlyForDeploymentPostprocessing = 0;
		};
/* End PBXSourcesBuildPhase section */

/* Begin PBXTargetDependency section */
		3A7E0FD31CDF355A00E4AE99 /* PBXTargetDependency */ = {
			isa = PBXTargetDependency;
			target = 3A7E0FBA1CDF355A00E4AE99 /* SkipYourSupper */;
			targetProxy = 3A7E0FD21CDF355A00E4AE99 /* PBXContainerItemProxy */;
		};
		3A7E0FDE1CDF355A00E4AE99 /* PBXTargetDependency */ = {
			isa = PBXTargetDependency;
			target = 3A7E0FBA1CDF355A00E4AE99 /* SkipYourSupper */;
			targetProxy = 3A7E0FDD1CDF355A00E4AE99 /* PBXContainerItemProxy */;
		};
/* End PBXTargetDependency section */

/* Begin PBXVariantGroup section */
		3A7E0FC41CDF355A00E4AE99 /* Main.storyboard */ = {
			isa = PBXVariantGroup;
			children = (
				3A7E0FC51CDF355A00E4AE99 /* Base */,
			);
			name = Main.storyboard;
			sourceTree = "<group>";
		};
		3A7E0FC91CDF355A00E4AE99 /* LaunchScreen.storyboard */ = {
			isa = PBXVariantGroup;
			children = (
				3A7E0FCA1CDF355A00E4AE99 /* Base */,
			);
			name = LaunchScreen.storyboard;
			sourceTree = "<group>";
		};
/* End PBXVariantGroup section */

/* Begin XCBuildConfiguration section */
		3A7E0FE31CDF355A00E4AE99 /* Debug */ = {
			isa = XCBuildConfiguration;
			buildSettings = {
				ALWAYS_SEARCH_USER_PATHS = NO;
				CLANG_ANALYZER_NONNULL = YES;
				CLANG_CXX_LANGUAGE_STANDARD = "gnu++0x";
				CLANG_CXX_LIBRARY = "libc++";
				CLANG_ENABLE_MODULES = YES;
				CLANG_ENABLE_OBJC_ARC = YES;
				CLANG_WARN_BOOL_CONVERSION = YES;
				CLANG_WARN_CONSTANT_CONVERSION = YES;
				CLANG_WARN_DIRECT_OBJC_ISA_USAGE = YES_ERROR;
				CLANG_WARN_EMPTY_BODY = YES;
				CLANG_WARN_ENUM_CONVERSION = YES;
				CLANG_WARN_INT_CONVERSION = YES;
				CLANG_WARN_OBJC_ROOT_CLASS = YES_ERROR;
				CLANG_WARN_UNREACHABLE_CODE = YES;
				CLANG_WARN__DUPLICATE_METHOD_MATCH = YES;
				"CODE_SIGN_IDENTITY[sdk=iphoneos*]" = "iPhone Developer";
				COPY_PHASE_STRIP = NO;
				DEBUG_INFORMATION_FORMAT = dwarf;
				ENABLE_STRICT_OBJC_MSGSEND = YES;
				ENABLE_TESTABILITY = YES;
				GCC_C_LANGUAGE_STANDARD = gnu99;
				GCC_DYNAMIC_NO_PIC = NO;
				GCC_NO_COMMON_BLOCKS = YES;
				GCC_OPTIMIZATION_LEVEL = 0;
				GCC_PREPROCESSOR_DEFINITIONS = (
					"DEBUG=1",
					"$(inherited)",
				);
				GCC_WARN_64_TO_32_BIT_CONVERSION = YES;
				GCC_WARN_ABOUT_RETURN_TYPE = YES_ERROR;
				GCC_WARN_UNDECLARED_SELECTOR = YES;
				GCC_WARN_UNINITIALIZED_AUTOS = YES_AGGRESSIVE;
				GCC_WARN_UNUSED_FUNCTION = YES;
				GCC_WARN_UNUSED_VARIABLE = YES;
				IPHONEOS_DEPLOYMENT_TARGET = 9.3;
				MTL_ENABLE_DEBUG_INFO = YES;
				ONLY_ACTIVE_ARCH = YES;
				SDKROOT = iphoneos;
				SWIFT_OPTIMIZATION_LEVEL = "-Onone";
			};
			name = Debug;
		};
		3A7E0FE41CDF355A00E4AE99 /* Release */ = {
			isa = XCBuildConfiguration;
			buildSettings = {
				ALWAYS_SEARCH_USER_PATHS = NO;
				CLANG_ANALYZER_NONNULL = YES;
				CLANG_CXX_LANGUAGE_STANDARD = "gnu++0x";
				CLANG_CXX_LIBRARY = "libc++";
				CLANG_ENABLE_MODULES = YES;
				CLANG_ENABLE_OBJC_ARC = YES;
				CLANG_WARN_BOOL_CONVERSION = YES;
				CLANG_WARN_CONSTANT_CONVERSION = YES;
				CLANG_WARN_DIRECT_OBJC_ISA_USAGE = YES_ERROR;
				CLANG_WARN_EMPTY_BODY = YES;
				CLANG_WARN_ENUM_CONVERSION = YES;
				CLANG_WARN_INT_CONVERSION = YES;
				CLANG_WARN_OBJC_ROOT_CLASS = YES_ERROR;
				CLANG_WARN_UNREACHABLE_CODE = YES;
				CLANG_WARN__DUPLICATE_METHOD_MATCH = YES;
				"CODE_SIGN_IDENTITY[sdk=iphoneos*]" = "iPhone Developer";
				COPY_PHASE_STRIP = NO;
				DEBUG_INFORMATION_FORMAT = "dwarf-with-dsym";
				ENABLE_NS_ASSERTIONS = NO;
				ENABLE_STRICT_OBJC_MSGSEND = YES;
				GCC_C_LANGUAGE_STANDARD = gnu99;
				GCC_NO_COMMON_BLOCKS = YES;
				GCC_WARN_64_TO_32_BIT_CONVERSION = YES;
				GCC_WARN_ABOUT_RETURN_TYPE = YES_ERROR;
				GCC_WARN_UNDECLARED_SELECTOR = YES;
				GCC_WARN_UNINITIALIZED_AUTOS = YES_AGGRESSIVE;
				GCC_WARN_UNUSED_FUNCTION = YES;
				GCC_WARN_UNUSED_VARIABLE = YES;
				IPHONEOS_DEPLOYMENT_TARGET = 9.3;
				MTL_ENABLE_DEBUG_INFO = NO;
				SDKROOT = iphoneos;
				VALIDATE_PRODUCT = YES;
			};
			name = Release;
		};
		3A7E0FE61CDF355A00E4AE99 /* Debug */ = {
			isa = XCBuildConfiguration;
			buildSettings = {
				ASSETCATALOG_COMPILER_APPICON_NAME = AppIcon;
				FRAMEWORK_SEARCH_PATHS = (
					"$(inherited)",
					"$(PROJECT_DIR)",
				);
				INFOPLIST_FILE = SkipYourSupper/Info.plist;
				LD_RUNPATH_SEARCH_PATHS = "$(inherited) @executable_path/Frameworks";
				PRODUCT_BUNDLE_IDENTIFIER = Renhao.SkipYourSupper;
				PRODUCT_NAME = "$(TARGET_NAME)";
			};
			name = Debug;
		};
		3A7E0FE71CDF355A00E4AE99 /* Release */ = {
			isa = XCBuildConfiguration;
			buildSettings = {
				ASSETCATALOG_COMPILER_APPICON_NAME = AppIcon;
				FRAMEWORK_SEARCH_PATHS = (
					"$(inherited)",
					"$(PROJECT_DIR)",
				);
				INFOPLIST_FILE = SkipYourSupper/Info.plist;
				LD_RUNPATH_SEARCH_PATHS = "$(inherited) @executable_path/Frameworks";
				PRODUCT_BUNDLE_IDENTIFIER = Renhao.SkipYourSupper;
				PRODUCT_NAME = "$(TARGET_NAME)";
			};
			name = Release;
		};
		3A7E0FE91CDF355A00E4AE99 /* Debug */ = {
			isa = XCBuildConfiguration;
			buildSettings = {
				BUNDLE_LOADER = "$(TEST_HOST)";
				INFOPLIST_FILE = SkipYourSupperTests/Info.plist;
				LD_RUNPATH_SEARCH_PATHS = "$(inherited) @executable_path/Frameworks @loader_path/Frameworks";
				PRODUCT_BUNDLE_IDENTIFIER = Renhao.SkipYourSupperTests;
				PRODUCT_NAME = "$(TARGET_NAME)";
				TEST_HOST = "$(BUILT_PRODUCTS_DIR)/SkipYourSupper.app/SkipYourSupper";
			};
			name = Debug;
		};
		3A7E0FEA1CDF355A00E4AE99 /* Release */ = {
			isa = XCBuildConfiguration;
			buildSettings = {
				BUNDLE_LOADER = "$(TEST_HOST)";
				INFOPLIST_FILE = SkipYourSupperTests/Info.plist;
				LD_RUNPATH_SEARCH_PATHS = "$(inherited) @executable_path/Frameworks @loader_path/Frameworks";
				PRODUCT_BUNDLE_IDENTIFIER = Renhao.SkipYourSupperTests;
				PRODUCT_NAME = "$(TARGET_NAME)";
				TEST_HOST = "$(BUILT_PRODUCTS_DIR)/SkipYourSupper.app/SkipYourSupper";
			};
			name = Release;
		};
		3A7E0FEC1CDF355A00E4AE99 /* Debug */ = {
			isa = XCBuildConfiguration;
			buildSettings = {
				INFOPLIST_FILE = SkipYourSupperUITests/Info.plist;
				LD_RUNPATH_SEARCH_PATHS = "$(inherited) @executable_path/Frameworks @loader_path/Frameworks";
				PRODUCT_BUNDLE_IDENTIFIER = Renhao.SkipYourSupperUITests;
				PRODUCT_NAME = "$(TARGET_NAME)";
				TEST_TARGET_NAME = SkipYourSupper;
			};
			name = Debug;
		};
		3A7E0FED1CDF355A00E4AE99 /* Release */ = {
			isa = XCBuildConfiguration;
			buildSettings = {
				INFOPLIST_FILE = SkipYourSupperUITests/Info.plist;
				LD_RUNPATH_SEARCH_PATHS = "$(inherited) @executable_path/Frameworks @loader_path/Frameworks";
				PRODUCT_BUNDLE_IDENTIFIER = Renhao.SkipYourSupperUITests;
				PRODUCT_NAME = "$(TARGET_NAME)";
				TEST_TARGET_NAME = SkipYourSupper;
			};
			name = Release;
		};
/* End XCBuildConfiguration section */

/* Begin XCConfigurationList section */
		3A7E0FB61CDF355A00E4AE99 /* Build configuration list for PBXProject "SkipYourSupper" */ = {
			isa = XCConfigurationList;
			buildConfigurations = (
				3A7E0FE31CDF355A00E4AE99 /* Debug */,
				3A7E0FE41CDF355A00E4AE99 /* Release */,
			);
			defaultConfigurationIsVisible = 0;
			defaultConfigurationName = Release;
		};
		3A7E0FE51CDF355A00E4AE99 /* Build configuration list for PBXNativeTarget "SkipYourSupper" */ = {
			isa = XCConfigurationList;
			buildConfigurations = (
				3A7E0FE61CDF355A00E4AE99 /* Debug */,
				3A7E0FE71CDF355A00E4AE99 /* Release */,
			);
			defaultConfigurationIsVisible = 0;
		};
		3A7E0FE81CDF355A00E4AE99 /* Build configuration list for PBXNativeTarget "SkipYourSupperTests" */ = {
			isa = XCConfigurationList;
			buildConfigurations = (
				3A7E0FE91CDF355A00E4AE99 /* Debug */,
				3A7E0FEA1CDF355A00E4AE99 /* Release */,
			);
			defaultConfigurationIsVisible = 0;
		};
		3A7E0FEB1CDF355A00E4AE99 /* Build configuration list for PBXNativeTarget "SkipYourSupperUITests" */ = {
			isa = XCConfigurationList;
			buildConfigurations = (
				3A7E0FEC1CDF355A00E4AE99 /* Debug */,
				3A7E0FED1CDF355A00E4AE99 /* Release */,
			);
			defaultConfigurationIsVisible = 0;
		};
/* End XCConfigurationList section */
	};
	rootObject = 3A7E0FB31CDF355A00E4AE99 /* Project object */;
}
